# This file was autogenerated by Stack.
# You should not edit this file by hand.
# For more information, please see the documentation at:
#   https://docs.haskellstack.org/en/stable/topics/lock_files

packages:
- completed:
    hackage: os-string-2.0.11@sha256:c0663f5f428108680f4aae0f67b7b357c1bb5954281c7fbe941c50c58cd79f18,3618
    pantry-tree:
      sha256: 1d8c89979f1a48de807dd5ec4f32b7ee0c1f0bcabbe38daf4ef8eee97e148908
      size: 2295
  original:
    hackage: os-string-2.0.11@sha256:c0663f5f428108680f4aae0f67b7b357c1bb5954281c7fbe941c50c58cd79f18,3618
snapshots:
- completed:
    sha256: d4d51e01349a3e51b7aa6c500a9da8b0b578043badaec1d5f210cfe27672f18d
    size: 732465
    url: https://raw.githubusercontent.com/commercialhaskell/stackage-snapshots/master/lts/24/58.yaml
  original:
    url: https://raw.githubusercontent.com/commercialhaskell/stackage-snapshots/master/lts/24/58.yaml
