# This file was autogenerated by Stack.
# You should not edit this file by hand.
# For more information, please see the documentation at:
#   https://docs.haskellstack.org/en/stable/topics/lock_files

packages:
- completed:
    hackage: gi-cairo-connector-0.1.1@sha256:352fc558ed5bf27d48bd88c8ec0e3be5fdbaf1418eaddffcfd1c7283fd895d40,1251
    pantry-tree:
      sha256: 8a4266c4bc002930f3cf4c753e1288b94e16f743885703c6197789388574cd99
      size: 238
  original:
    hackage: gi-cairo-connector-0.1.1@sha256:352fc558ed5bf27d48bd88c8ec0e3be5fdbaf1418eaddffcfd1c7283fd895d40,1251
- completed:
    hackage: gi-gdk-4.0.10@sha256:43f7e6f2d71a4f6b8b2b17c1790ba3a9f4f5bd781a2713d0343a9a491010957e,846
    pantry-tree:
      sha256: e34fa0783aeefc5b5b5bc44f0b941b9b312acb907e17cc0f152cd42375279e3d
      size: 199
  original:
    hackage: gi-gdk-4.0.10@sha256:43f7e6f2d71a4f6b8b2b17c1790ba3a9f4f5bd781a2713d0343a9a491010957e,846
- completed:
    hackage: gi-gtk-4.0.12@sha256:1a7e3cfdf25d316d66bc9cddd96f5621b0670573c0704679d56e0fd36279a1c3,850
    pantry-tree:
      sha256: aabcfe899fc432fcae71c86fc44a58283a356a95509957505b1bc954ba345784
      size: 199
  original:
    hackage: gi-gtk-4.0.12@sha256:1a7e3cfdf25d316d66bc9cddd96f5621b0670573c0704679d56e0fd36279a1c3,850
- completed:
    hackage: gi-gdk4-4.0.10@sha256:107ae0d3ba47008c8dd59652af5cf4c648cf84a3e04cb74d326240a7170d3fa7,9907
    pantry-tree:
      sha256: 9aa0916ddae3aaf8570592fb9964bc77e8e6dbcf04486588d27a803480a98e5e
      size: 356
  original:
    hackage: gi-gdk4-4.0.10@sha256:107ae0d3ba47008c8dd59652af5cf4c648cf84a3e04cb74d326240a7170d3fa7,9907
- completed:
    hackage: gi-gtk4-4.0.12@sha256:b3838c11f64d87088bc2ce5bd84b05766e1134dcedf5fcb2fe07f17c8065015e,36859
    pantry-tree:
      sha256: 33f14d45dfdb51c38059a140201f27773065e0d0d6cc6c76a281f6c849e02432
      size: 358
  original:
    hackage: gi-gtk4-4.0.12@sha256:b3838c11f64d87088bc2ce5bd84b05766e1134dcedf5fcb2fe07f17c8065015e,36859
- completed:
    hackage: haskell-gi-0.26.17@sha256:0d502b6e74c4e40849a015280bce01df10d9dd313f1163c6bae92433c3f26b11,5213
    pantry-tree:
      sha256: 3afd1d178e0e9bcff6a013e7cb5857b513697954db3ebd6db9cc877c238b5246
      size: 4202
  original:
    hackage: haskell-gi-0.26.17@sha256:0d502b6e74c4e40849a015280bce01df10d9dd313f1163c6bae92433c3f26b11,5213
- completed:
    hackage: gi-gsk-4.0.9@sha256:85c8153ce3d463b48d1b43bdedf7d7fdef7a5ce36e525e694c98a21743fb77d0,8351
    pantry-tree:
      sha256: d55f04e968aa3038e0d8e14fac6f048c731d3ea5036a212a1da1202148220c96
      size: 353
  original:
    hackage: gi-gsk-4.0.9@sha256:85c8153ce3d463b48d1b43bdedf7d7fdef7a5ce36e525e694c98a21743fb77d0,8351
- completed:
    hackage: haskell-gi-base-0.26.9@sha256:dad5294c37cc21c93c1db411183442d8a001d2687b6b3a34a45474fc72971372,2634
    pantry-tree:
      sha256: 1de49264694c81c7f09670a7fda74d31f7f92c78e25a6f314d704d212c0878e6
      size: 2085
  original:
    hackage: haskell-gi-base-0.26.9@sha256:dad5294c37cc21c93c1db411183442d8a001d2687b6b3a34a45474fc72971372,2634
- completed:
    hackage: system-fileio-0.3.16.7@sha256:99f35a5212437c81e40bbdc175753fa77ee31177647f0041b41b45b68fb02fe4,2476
    pantry-tree:
      sha256: f1e305a31e1dd36a15ba19d1799b818876d781b4dd0674eaf98450f5e671c597
      size: 935
  original:
    hackage: system-fileio-0.3.16.7
snapshots:
- completed:
    sha256: 08bd13ce621b41a8f5e51456b38d5b46d7783ce114a50ab604d6bbab0d002146
    size: 720271
    url: https://raw.githubusercontent.com/commercialhaskell/stackage-snapshots/master/lts/22/43.yaml
  original: lts-22.43
